{
    "hash": "38bbfd56bbcad3391e684f4f70266166",
    "packages": [
        {
            "package": "kriswallsmith/buzz",
            "version": "v0.7"
        },
        {
            "package": "lncd/Oauth2",
            "version": "dev-develop",
            "source-reference": "7201d3ad88cb1e87077739c931b2dd67987c87d9",
            "commit-date": "1343050956"
        }
    ],
    "packages-dev": null,
    "aliases": [

    ],
    "minimum-stability": "stable",
    "stability-flags": {
        "lncd/oauth2": 20
    }
}
